// !$*UTF8*$!
{
	archiveVersion = 1;
	classes = {
	};
	objectVersion = 56;
	objects = {

/* Begin PBXBuildFile section */
		B10000000000000000000001 /* ClipXSApp.swift in Sources */ = {isa = PBXBuildFile; fileRef = B20000000000000000000001 /* ClipXSApp.swift */; };
		B10000000000000000000002 /* AppDelegate.swift in Sources */ = {isa = PBXBuildFile; fileRef = B20000000000000000000002 /* AppDelegate.swift */; };
		B10000000000000000000003 /* ClipboardItemType.swift in Sources */ = {isa = PBXBuildFile; fileRef = B20000000000000000000003 /* ClipboardItemType.swift */; };
		B10000000000000000000004 /* ClipboardEntry.swift in Sources */ = {isa = PBXBuildFile; fileRef = B20000000000000000000004 /* ClipboardEntry.swift */; };
		B10000000000000000000005 /* ClipboardStore.swift in Sources */ = {isa = PBXBuildFile; fileRef = B20000000000000000000005 /* ClipboardStore.swift */; };
		B10000000000000000000006 /* PasteboardCapture.swift in Sources */ = {isa = PBXBuildFile; fileRef = B20000000000000000000006 /* PasteboardCapture.swift */; };
		B10000000000000000000007 /* ClipboardMonitor.swift in Sources */ = {isa = PBXBuildFile; fileRef = B20000000000000000000007 /* ClipboardMonitor.swift */; };
		B10000000000000000000008 /* PasteboardRestore.swift in Sources */ = {isa = PBXBuildFile; fileRef = B20000000000000000000008 /* PasteboardRestore.swift */; };
		B10000000000000000000009 /* PasteService.swift in Sources */ = {isa = PBXBuildFile; fileRef = B20000000000000000000009 /* PasteService.swift */; };
		B1000000000000000000000A /* HotkeyManager.swift in Sources */ = {isa = PBXBuildFile; fileRef = B2000000000000000000000A /* HotkeyManager.swift */; };
		B10000000000000000000011 /* LaunchAtLoginManager.swift in Sources */ = {isa = PBXBuildFile; fileRef = B20000000000000000000015 /* LaunchAtLoginManager.swift */; };
		B1000000000000000000000B /* HistoryViewModel.swift in Sources */ = {isa = PBXBuildFile; fileRef = B2000000000000000000000B /* HistoryViewModel.swift */; };
		B1000000000000000000000C /* HistoryView.swift in Sources */ = {isa = PBXBuildFile; fileRef = B2000000000000000000000C /* HistoryView.swift */; };
		B1000000000000000000000D /* HistoryPanelController.swift in Sources */ = {isa = PBXBuildFile; fileRef = B2000000000000000000000D /* HistoryPanelController.swift */; };
		B1000000000000000000000E /* StatusBarController.swift in Sources */ = {isa = PBXBuildFile; fileRef = B2000000000000000000000E /* StatusBarController.swift */; };
		B1000000000000000000000F /* Assets.xcassets in Resources */ = {isa = PBXBuildFile; fileRef = B2000000000000000000000F /* Assets.xcassets */; };
		B10000000000000000000010 /* Localizable.strings in Resources */ = {isa = PBXBuildFile; fileRef = B20000000000000000000010 /* Localizable.strings */; };
/* End PBXBuildFile section */

/* Begin PBXFileReference section */
		B20000000000000000000001 /* ClipXSApp.swift */ = {isa = PBXFileReference; lastKnownFileType = sourcecode.swift; path = ClipXSApp.swift; sourceTree = "<group>"; };
		B20000000000000000000002 /* AppDelegate.swift */ = {isa = PBXFileReference; lastKnownFileType = sourcecode.swift; path = AppDelegate.swift; sourceTree = "<group>"; };
		B20000000000000000000003 /* ClipboardItemType.swift */ = {isa = PBXFileReference; lastKnownFileType = sourcecode.swift; path = ClipboardItemType.swift; sourceTree = "<group>"; };
		B20000000000000000000004 /* ClipboardEntry.swift */ = {isa = PBXFileReference; lastKnownFileType = sourcecode.swift; path = ClipboardEntry.swift; sourceTree = "<group>"; };
		B20000000000000000000005 /* ClipboardStore.swift */ = {isa = PBXFileReference; lastKnownFileType = sourcecode.swift; path = ClipboardStore.swift; sourceTree = "<group>"; };
		B20000000000000000000006 /* PasteboardCapture.swift */ = {isa = PBXFileReference; lastKnownFileType = sourcecode.swift; path = PasteboardCapture.swift; sourceTree = "<group>"; };
		B20000000000000000000007 /* ClipboardMonitor.swift */ = {isa = PBXFileReference; lastKnownFileType = sourcecode.swift; path = ClipboardMonitor.swift; sourceTree = "<group>"; };
		B20000000000000000000008 /* PasteboardRestore.swift */ = {isa = PBXFileReference; lastKnownFileType = sourcecode.swift; path = PasteboardRestore.swift; sourceTree = "<group>"; };
		B20000000000000000000009 /* PasteService.swift */ = {isa = PBXFileReference; lastKnownFileType = sourcecode.swift; path = PasteService.swift; sourceTree = "<group>"; };
		B2000000000000000000000A /* HotkeyManager.swift */ = {isa = PBXFileReference; lastKnownFileType = sourcecode.swift; path = HotkeyManager.swift; sourceTree = "<group>"; };
		B20000000000000000000015 /* LaunchAtLoginManager.swift */ = {isa = PBXFileReference; lastKnownFileType = sourcecode.swift; path = LaunchAtLoginManager.swift; sourceTree = "<group>"; };
		B2000000000000000000000B /* HistoryViewModel.swift */ = {isa = PBXFileReference; lastKnownFileType = sourcecode.swift; path = HistoryViewModel.swift; sourceTree = "<group>"; };
		B2000000000000000000000C /* HistoryView.swift */ = {isa = PBXFileReference; lastKnownFileType = sourcecode.swift; path = HistoryView.swift; sourceTree = "<group>"; };
		B2000000000000000000000D /* HistoryPanelController.swift */ = {isa = PBXFileReference; lastKnownFileType = sourcecode.swift; path = HistoryPanelController.swift; sourceTree = "<group>"; };
		B2000000000000000000000E /* StatusBarController.swift */ = {isa = PBXFileReference; lastKnownFileType = sourcecode.swift; path = StatusBarController.swift; sourceTree = "<group>"; };
		B2000000000000000000000F /* Assets.xcassets */ = {isa = PBXFileReference; lastKnownFileType = folder.assetcatalog; path = Assets.xcassets; sourceTree = "<group>"; };
		B20000000000000000000011 /* ClipXS.entitlements */ = {isa = PBXFileReference; lastKnownFileType = text.plist.entitlements; path = ClipXS.entitlements; sourceTree = "<group>"; };
		B20000000000000000000012 /* Info.plist */ = {isa = PBXFileReference; lastKnownFileType = text.plist.xml; path = Info.plist; sourceTree = "<group>"; };
		B30000000000000000000001 /* ClipXS.app */ = {isa = PBXFileReference; explicitFileType = wrapper.application; includeInIndex = 0; path = ClipXS.app; sourceTree = BUILT_PRODUCTS_DIR; };
/* End PBXFileReference section */

/* Begin PBXFrameworksBuildPhase section */
		B40000000000000000000001 /* Frameworks */ = {
			isa = PBXFrameworksBuildPhase;
			buildActionMask = 2147483647;
			files = (
			);
			runOnlyForDeploymentPostprocessing = 0;
		};
/* End PBXFrameworksBuildPhase section */

/* Begin PBXGroup section */
		B50000000000000000000001 = {
			isa = PBXGroup;
			children = (
				B50000000000000000000002 /* ClipXS */,
				B50000000000000000000003 /* Products */,
			);
			sourceTree = "<group>";
		};
		B50000000000000000000002 /* ClipXS */ = {
			isa = PBXGroup;
			children = (
				B20000000000000000000001 /* ClipXSApp.swift */,
				B20000000000000000000002 /* AppDelegate.swift */,
				B50000000000000000000004 /* Models */,
				B50000000000000000000005 /* Services */,
				B50000000000000000000006 /* UI */,
				B50000000000000000000007 /* Resources */,
			);
			path = ClipXS;
			sourceTree = "<group>";
		};
		B50000000000000000000003 /* Products */ = {
			isa = PBXGroup;
			children = (
				B30000000000000000000001 /* ClipXS.app */,
			);
			name = Products;
			sourceTree = "<group>";
		};
		B50000000000000000000004 /* Models */ = {
			isa = PBXGroup;
			children = (
				B20000000000000000000003 /* ClipboardItemType.swift */,
				B20000000000000000000004 /* ClipboardEntry.swift */,
			);
			path = Models;
			sourceTree = "<group>";
		};
		B50000000000000000000005 /* Services */ = {
			isa = PBXGroup;
			children = (
				B20000000000000000000005 /* ClipboardStore.swift */,
				B20000000000000000000006 /* PasteboardCapture.swift */,
				B20000000000000000000007 /* ClipboardMonitor.swift */,
				B20000000000000000000008 /* PasteboardRestore.swift */,
				B20000000000000000000009 /* PasteService.swift */,
				B2000000000000000000000A /* HotkeyManager.swift */,
				B20000000000000000000015 /* LaunchAtLoginManager.swift */,
			);
			path = Services;
			sourceTree = "<group>";
		};
		B50000000000000000000006 /* UI */ = {
			isa = PBXGroup;
			children = (
				B2000000000000000000000B /* HistoryViewModel.swift */,
				B2000000000000000000000C /* HistoryView.swift */,
				B2000000000000000000000D /* HistoryPanelController.swift */,
				B2000000000000000000000E /* StatusBarController.swift */,
			);
			path = UI;
			sourceTree = "<group>";
		};
		B50000000000000000000007 /* Resources */ = {
			isa = PBXGroup;
			children = (
				B2000000000000000000000F /* Assets.xcassets */,
				B20000000000000000000010 /* Localizable.strings */,
				B20000000000000000000011 /* ClipXS.entitlements */,
				B20000000000000000000012 /* Info.plist */,
			);
			path = Resources;
			sourceTree = "<group>";
		};
/* End PBXGroup section */

/* Begin PBXNativeTarget section */
		B60000000000000000000001 /* ClipXS */ = {
			isa = PBXNativeTarget;
			buildConfigurationList = B80000000000000000000003 /* Build configuration list for PBXNativeTarget "ClipXS" */;
			buildPhases = (
				B60000000000000000000002 /* Sources */,
				B40000000000000000000001 /* Frameworks */,
				B60000000000000000000003 /* Resources */,
			);
			buildRules = (
			);
			dependencies = (
			);
			name = ClipXS;
			productName = ClipXS;
			productReference = B30000000000000000000001 /* ClipXS.app */;
			productType = "com.apple.product-type.application";
		};
/* End PBXNativeTarget section */

/* Begin PBXProject section */
		B70000000000000000000001 /* Project object */ = {
			isa = PBXProject;
			attributes = {
				BuildIndependentTargetsInParallel = 1;
				LastSwiftUpdateCheck = 1500;
				LastUpgradeCheck = 1500;
			};
			buildConfigurationList = B80000000000000000000001 /* Build configuration list for PBXProject "ClipXS" */;
			compatibilityVersion = "Xcode 14.0";
			developmentRegion = en;
			hasScannedForEncodings = 0;
			knownRegions = (
				en,
				ja,
				Base,
			);
			mainGroup = B50000000000000000000001;
			productRefGroup = B50000000000000000000003 /* Products */;
			projectDirPath = "";
			projectRoot = "";
			targets = (
				B60000000000000000000001 /* ClipXS */,
			);
		};
/* End PBXProject section */

/* Begin PBXResourcesBuildPhase section */
		B60000000000000000000003 /* Resources */ = {
			isa = PBXResourcesBuildPhase;
			buildActionMask = 2147483647;
			files = (
				B1000000000000000000000F /* Assets.xcassets in Resources */,
				B10000000000000000000010 /* Localizable.strings in Resources */,
			);
			runOnlyForDeploymentPostprocessing = 0;
		};
/* End PBXResourcesBuildPhase section */

/* Begin PBXSourcesBuildPhase section */
		B60000000000000000000002 /* Sources */ = {
			isa = PBXSourcesBuildPhase;
			buildActionMask = 2147483647;
			files = (
				B10000000000000000000001 /* ClipXSApp.swift in Sources */,
				B10000000000000000000002 /* AppDelegate.swift in Sources */,
				B10000000000000000000003 /* ClipboardItemType.swift in Sources */,
				B10000000000000000000004 /* ClipboardEntry.swift in Sources */,
				B10000000000000000000005 /* ClipboardStore.swift in Sources */,
				B10000000000000000000006 /* PasteboardCapture.swift in Sources */,
				B10000000000000000000007 /* ClipboardMonitor.swift in Sources */,
				B10000000000000000000008 /* PasteboardRestore.swift in Sources */,
				B10000000000000000000009 /* PasteService.swift in Sources */,
				B1000000000000000000000A /* HotkeyManager.swift in Sources */,
				B10000000000000000000011 /* LaunchAtLoginManager.swift in Sources */,
				B1000000000000000000000B /* HistoryViewModel.swift in Sources */,
				B1000000000000000000000C /* HistoryView.swift in Sources */,
				B1000000000000000000000D /* HistoryPanelController.swift in Sources */,
				B1000000000000000000000E /* StatusBarController.swift in Sources */,
			);
			runOnlyForDeploymentPostprocessing = 0;
		};
/* End PBXSourcesBuildPhase section */

/* Begin PBXVariantGroup section */
		B20000000000000000000010 /* Localizable.strings */ = {
			isa = PBXVariantGroup;
			children = (
				B20000000000000000000013 /* en */,
				B20000000000000000000014 /* ja */,
			);
			name = Localizable.strings;
			sourceTree = "<group>";
		};
		B20000000000000000000013 /* en */ = {
			isa = PBXFileReference; lastKnownFileType = text.plist.strings; name = en; path = en.lproj/Localizable.strings; sourceTree = "<group>"; };
		B20000000000000000000014 /* ja */ = {
			isa = PBXFileReference; lastKnownFileType = text.plist.strings; name = ja; path = ja.lproj/Localizable.strings; sourceTree = "<group>"; };
/* End PBXVariantGroup section */

/* Begin XCBuildConfiguration section */
		B90000000000000000000001 /* Debug */ = {
			isa = XCBuildConfiguration;
			buildSettings = {
				ALWAYS_SEARCH_USER_PATHS = NO;
				CLANG_ENABLE_MODULES = YES;
				CLANG_ENABLE_OBJC_ARC = YES;
				COPY_PHASE_STRIP = NO;
				DEBUG_INFORMATION_FORMAT = dwarf;
				GCC_DYNAMIC_NO_PIC = NO;
				GCC_OPTIMIZATION_LEVEL = 0;
				GCC_PREPROCESSOR_DEFINITIONS = (
					"DEBUG=1",
					"$(inherited)",
				);
				MACOSX_DEPLOYMENT_TARGET = 13.0;
				ONLY_ACTIVE_ARCH = YES;
				SDKROOT = macosx;
				SWIFT_ACTIVE_COMPILATION_CONDITIONS = DEBUG;
				SWIFT_OPTIMIZATION_LEVEL = "-Onone";
			};
			name = Debug;
		};
		B90000000000000000000002 /* Release */ = {
			isa = XCBuildConfiguration;
			buildSettings = {
				ALWAYS_SEARCH_USER_PATHS = NO;
				CLANG_ENABLE_MODULES = YES;
				CLANG_ENABLE_OBJC_ARC = YES;
				COPY_PHASE_STRIP = NO;
				DEBUG_INFORMATION_FORMAT = "dwarf-with-dsym";
				MACOSX_DEPLOYMENT_TARGET = 13.0;
				SDKROOT = macosx;
				SWIFT_COMPILATION_MODE = wholemodule;
				SWIFT_OPTIMIZATION_LEVEL = "-O";
			};
			name = Release;
		};
		B90000000000000000000003 /* Debug */ = {
			isa = XCBuildConfiguration;
			buildSettings = {
				ASSETCATALOG_COMPILER_APPICON_NAME = AppIcon;
				CODE_SIGN_ENTITLEMENTS = ClipXS/Resources/ClipXS.entitlements;
				CODE_SIGN_IDENTITY = E60EE32102423D6209815F4BFE4BECB9ED561774;
				CODE_SIGN_STYLE = Manual;
				COMBINE_HIDPI_IMAGES = YES;
				CURRENT_PROJECT_VERSION = 1;
				DEVELOPMENT_TEAM = HZ5XFG62KH;
				ENABLE_HARDENED_RUNTIME = YES;
				GENERATE_INFOPLIST_FILE = NO;
				INFOPLIST_FILE = ClipXS/Resources/Info.plist;
				LD_RUNPATH_SEARCH_PATHS = (
					"$(inherited)",
					"@executable_path/../Frameworks",
				);
				MARKETING_VERSION = 1.0;
				PRODUCT_BUNDLE_IDENTIFIER = com.clipxs.ClipXS;
				PRODUCT_NAME = "$(TARGET_NAME)";
				SWIFT_EMIT_LOC_STRINGS = YES;
				SWIFT_VERSION = 5.0;
			};
			name = Debug;
		};
		B90000000000000000000004 /* Release */ = {
			isa = XCBuildConfiguration;
			buildSettings = {
				ASSETCATALOG_COMPILER_APPICON_NAME = AppIcon;
				CODE_SIGN_ENTITLEMENTS = ClipXS/Resources/ClipXS.entitlements;
				CODE_SIGN_IDENTITY = E60EE32102423D6209815F4BFE4BECB9ED561774;
				CODE_SIGN_STYLE = Manual;
				COMBINE_HIDPI_IMAGES = YES;
				CURRENT_PROJECT_VERSION = 1;
				DEVELOPMENT_TEAM = HZ5XFG62KH;
				ENABLE_HARDENED_RUNTIME = YES;
				GENERATE_INFOPLIST_FILE = NO;
				INFOPLIST_FILE = ClipXS/Resources/Info.plist;
				LD_RUNPATH_SEARCH_PATHS = (
					"$(inherited)",
					"@executable_path/../Frameworks",
				);
				MARKETING_VERSION = 1.0;
				PRODUCT_BUNDLE_IDENTIFIER = com.clipxs.ClipXS;
				PRODUCT_NAME = "$(TARGET_NAME)";
				SWIFT_EMIT_LOC_STRINGS = YES;
				SWIFT_VERSION = 5.0;
			};
			name = Release;
		};
/* End XCBuildConfiguration section */

/* Begin XCConfigurationList section */
		B80000000000000000000001 /* Build configuration list for PBXProject "ClipXS" */ = {
			isa = XCConfigurationList;
			buildConfigurations = (
				B90000000000000000000001 /* Debug */,
				B90000000000000000000002 /* Release */,
			);
			defaultConfigurationIsVisible = 0;
			defaultConfigurationName = Release;
		};
		B80000000000000000000003 /* Build configuration list for PBXNativeTarget "ClipXS" */ = {
			isa = XCConfigurationList;
			buildConfigurations = (
				B90000000000000000000003 /* Debug */,
				B90000000000000000000004 /* Release */,
			);
			defaultConfigurationIsVisible = 0;
			defaultConfigurationName = Release;
		};
/* End XCConfigurationList section */
	};
	rootObject = B70000000000000000000001 /* Project object */;
}
